
Microsoft Visual Studio Solution File, Format Version 12.00
# Visual Studio Version 17
VisualStudioVersion = 17.13.35919.96
MinimumVisualStudioVersion = 10.0.40219.1
Project("{8BC9CEB8-8B4A-11D0-8D11-00A0C91BC942}") = "HelloWorldTest", "HelloWorldTest\HelloWorldTest.vcxproj", "{3F8DA45E-BCC7-416C-8899-FDD343E0B163}"
EndProject
Project("{8BC9CEB8-8B4A-11D0-8D11-00A0C91BC942}") = "DataTypes", "DataTypes\DataTypes.vcxproj", "{980C9F10-5AE4-4000-849F-FE1982E1DC46}"
EndProject
Project("{8BC9CEB8-8B4A-11D0-8D11-00A0C91BC942}") = "[E] Primitive Data Types Image", "[E] Primitive Data Types Image\[E] Primitive Data Types Image.vcxproj", "{150C3BC5-2C6D-492B-8475-11EBEDC12211}"
EndProject
Project("{8BC9CEB8-8B4A-11D0-8D11-00A0C91BC942}") = "[A] Primitive Data Types", "[A] Primitive Data Types\[A] Primitive Data Types.vcxproj", "{255A58DB-B094-4E71-844C-2B91419441BF}"
EndProject
Project("{8BC9CEB8-8B4A-11D0-8D11-00A0C91BC942}") = "UserDataTypes", "UserDataTypes\UserDataTypes.vcxproj", "{EB69205C-4EFF-4CD4-AD6E-C6E7A00FD641}"
EndProject
Project("{8BC9CEB8-8B4A-11D0-8D11-00A0C91BC942}") = "[E] User Data Types Image", "[E] User Data Types Image\[E] User Data Types Image.vcxproj", "{06330854-34DC-45A9-BE50-29586D5D33D8}"
EndProject
Project("{8BC9CEB8-8B4A-11D0-8D11-00A0C91BC942}") = "DiceGame", "DiceGame\DiceGame.vcxproj", "{6F1A9B17-0701-424D-9851-795FD7CAAA0E}"
EndProject
Project("{8BC9CEB8-8B4A-11D0-8D11-00A0C91BC942}") = "[A] User Data Types", "[A] User Data Types\[A] User Data Types.vcxproj", "{8E8AB42F-09BC-4B25-AFC2-4A791DE92ED9}"
EndProject
Project("{8BC9CEB8-8B4A-11D0-8D11-00A0C91BC942}") = "[A] Java to C++", "[A] Java to C++\[A] Java to C++.vcxproj", "{EBBBDCCF-026F-4669-8610-CD14A389D4C2}"
EndProject
Project("{8BC9CEB8-8B4A-11D0-8D11-00A0C91BC942}") = "Memory", "Memory\Memory.vcxproj", "{55E6ACC0-DB13-4E1F-A17C-1565D57C099B}"
EndProject
Project("{8BC9CEB8-8B4A-11D0-8D11-00A0C91BC942}") = "[A] Memory Review", "[A] Memory Review\[A] Memory Review.vcxproj", "{740D27AD-0CCA-4EDE-AB34-78F5D7D6CDEA}"
EndProject
Project("{8BC9CEB8-8B4A-11D0-8D11-00A0C91BC942}") = "Containers", "Containers\Containers.vcxproj", "{FD0437D3-6834-45E7-B749-F6CEE2DC6062}"
EndProject
Project("{8BC9CEB8-8B4A-11D0-8D11-00A0C91BC942}") = "[A] Containers", "[A] Containers\[A] Containers.vcxproj", "{F70D1B68-C48B-44AA-A858-0024C2CC27BD}"
EndProject
Project("{8BC9CEB8-8B4A-11D0-8D11-00A0C91BC942}") = "OOP", "OOP\OOP.vcxproj", "{EEAC5426-9563-4234-B94D-83D1E4628B39}"
EndProject
Project("{8BC9CEB8-8B4A-11D0-8D11-00A0C91BC942}") = "[A] C++ Classes", "[A] C++ Classes\[A] C++ Classes.vcxproj", "{F5D14307-A745-448E-83A7-2F16FB44AF0A}"
EndProject
Project("{8BC9CEB8-8B4A-11D0-8D11-00A0C91BC942}") = "[A] Fail!", "[A] Fail!\[A] Fail!.vcxproj", "{0CA54502-D29E-48F3-95AA-B835A97C6D1F}"
EndProject
Project("{8BC9CEB8-8B4A-11D0-8D11-00A0C91BC942}") = "[A] Fractions", "[A] Fractions\[A] Fractions.vcxproj", "{BD0A273D-F48F-44C1-9915-2552EAD6763B}"
EndProject
Global
	GlobalSection(SolutionConfigurationPlatforms) = preSolution
		Debug|x64 = Debug|x64
		Debug|x86 = Debug|x86
		Release|x64 = Release|x64
		Release|x86 = Release|x86
	EndGlobalSection
	GlobalSection(ProjectConfigurationPlatforms) = postSolution
		{3F8DA45E-BCC7-416C-8899-FDD343E0B163}.Debug|x64.ActiveCfg = Debug|x64
		{3F8DA45E-BCC7-416C-8899-FDD343E0B163}.Debug|x64.Build.0 = Debug|x64
		{3F8DA45E-BCC7-416C-8899-FDD343E0B163}.Debug|x86.ActiveCfg = Debug|Win32
		{3F8DA45E-BCC7-416C-8899-FDD343E0B163}.Debug|x86.Build.0 = Debug|Win32
		{3F8DA45E-BCC7-416C-8899-FDD343E0B163}.Release|x64.ActiveCfg = Release|x64
		{3F8DA45E-BCC7-416C-8899-FDD343E0B163}.Release|x64.Build.0 = Release|x64
		{3F8DA45E-BCC7-416C-8899-FDD343E0B163}.Release|x86.ActiveCfg = Release|Win32
		{3F8DA45E-BCC7-416C-8899-FDD343E0B163}.Release|x86.Build.0 = Release|Win32
		{980C9F10-5AE4-4000-849F-FE1982E1DC46}.Debug|x64.ActiveCfg = Debug|x64
		{980C9F10-5AE4-4000-849F-FE1982E1DC46}.Debug|x64.Build.0 = Debug|x64
		{980C9F10-5AE4-4000-849F-FE1982E1DC46}.Debug|x86.ActiveCfg = Debug|Win32
		{980C9F10-5AE4-4000-849F-FE1982E1DC46}.Debug|x86.Build.0 = Debug|Win32
		{980C9F10-5AE4-4000-849F-FE1982E1DC46}.Release|x64.ActiveCfg = Release|x64
		{980C9F10-5AE4-4000-849F-FE1982E1DC46}.Release|x64.Build.0 = Release|x64
		{980C9F10-5AE4-4000-849F-FE1982E1DC46}.Release|x86.ActiveCfg = Release|Win32
		{980C9F10-5AE4-4000-849F-FE1982E1DC46}.Release|x86.Build.0 = Release|Win32
		{150C3BC5-2C6D-492B-8475-11EBEDC12211}.Debug|x64.ActiveCfg = Debug|x64
		{150C3BC5-2C6D-492B-8475-11EBEDC12211}.Debug|x64.Build.0 = Debug|x64
		{150C3BC5-2C6D-492B-8475-11EBEDC12211}.Debug|x86.ActiveCfg = Debug|Win32
		{150C3BC5-2C6D-492B-8475-11EBEDC12211}.Debug|x86.Build.0 = Debug|Win32
		{150C3BC5-2C6D-492B-8475-11EBEDC12211}.Release|x64.ActiveCfg = Release|x64
		{150C3BC5-2C6D-492B-8475-11EBEDC12211}.Release|x64.Build.0 = Release|x64
		{150C3BC5-2C6D-492B-8475-11EBEDC12211}.Release|x86.ActiveCfg = Release|Win32
		{150C3BC5-2C6D-492B-8475-11EBEDC12211}.Release|x86.Build.0 = Release|Win32
		{255A58DB-B094-4E71-844C-2B91419441BF}.Debug|x64.ActiveCfg = Debug|x64
		{255A58DB-B094-4E71-844C-2B91419441BF}.Debug|x64.Build.0 = Debug|x64
		{255A58DB-B094-4E71-844C-2B91419441BF}.Debug|x86.ActiveCfg = Debug|Win32
		{255A58DB-B094-4E71-844C-2B91419441BF}.Debug|x86.Build.0 = Debug|Win32
		{255A58DB-B094-4E71-844C-2B91419441BF}.Release|x64.ActiveCfg = Release|x64
		{255A58DB-B094-4E71-844C-2B91419441BF}.Release|x64.Build.0 = Release|x64
		{255A58DB-B094-4E71-844C-2B91419441BF}.Release|x86.ActiveCfg = Release|Win32
		{255A58DB-B094-4E71-844C-2B91419441BF}.Release|x86.Build.0 = Release|Win32
		{EB69205C-4EFF-4CD4-AD6E-C6E7A00FD641}.Debug|x64.ActiveCfg = Debug|x64
		{EB69205C-4EFF-4CD4-AD6E-C6E7A00FD641}.Debug|x64.Build.0 = Debug|x64
		{EB69205C-4EFF-4CD4-AD6E-C6E7A00FD641}.Debug|x86.ActiveCfg = Debug|Win32
		{EB69205C-4EFF-4CD4-AD6E-C6E7A00FD641}.Debug|x86.Build.0 = Debug|Win32
		{EB69205C-4EFF-4CD4-AD6E-C6E7A00FD641}.Release|x64.ActiveCfg = Release|x64
		{EB69205C-4EFF-4CD4-AD6E-C6E7A00FD641}.Release|x64.Build.0 = Release|x64
		{EB69205C-4EFF-4CD4-AD6E-C6E7A00FD641}.Release|x86.ActiveCfg = Release|Win32
		{EB69205C-4EFF-4CD4-AD6E-C6E7A00FD641}.Release|x86.Build.0 = Release|Win32
		{06330854-34DC-45A9-BE50-29586D5D33D8}.Debug|x64.ActiveCfg = Debug|x64
		{06330854-34DC-45A9-BE50-29586D5D33D8}.Debug|x64.Build.0 = Debug|x64
		{06330854-34DC-45A9-BE50-29586D5D33D8}.Debug|x86.ActiveCfg = Debug|Win32
		{06330854-34DC-45A9-BE50-29586D5D33D8}.Debug|x86.Build.0 = Debug|Win32
		{06330854-34DC-45A9-BE50-29586D5D33D8}.Release|x64.ActiveCfg = Release|x64
		{06330854-34DC-45A9-BE50-29586D5D33D8}.Release|x64.Build.0 = Release|x64
		{06330854-34DC-45A9-BE50-29586D5D33D8}.Release|x86.ActiveCfg = Release|Win32
		{06330854-34DC-45A9-BE50-29586D5D33D8}.Release|x86.Build.0 = Release|Win32
		{6F1A9B17-0701-424D-9851-795FD7CAAA0E}.Debug|x64.ActiveCfg = Debug|x64
		{6F1A9B17-0701-424D-9851-795FD7CAAA0E}.Debug|x64.Build.0 = Debug|x64
		{6F1A9B17-0701-424D-9851-795FD7CAAA0E}.Debug|x86.ActiveCfg = Debug|Win32
		{6F1A9B17-0701-424D-9851-795FD7CAAA0E}.Debug|x86.Build.0 = Debug|Win32
		{6F1A9B17-0701-424D-9851-795FD7CAAA0E}.Release|x64.ActiveCfg = Release|x64
		{6F1A9B17-0701-424D-9851-795FD7CAAA0E}.Release|x64.Build.0 = Release|x64
		{6F1A9B17-0701-424D-9851-795FD7CAAA0E}.Release|x86.ActiveCfg = Release|Win32
		{6F1A9B17-0701-424D-9851-795FD7CAAA0E}.Release|x86.Build.0 = Release|Win32
		{8E8AB42F-09BC-4B25-AFC2-4A791DE92ED9}.Debug|x64.ActiveCfg = Debug|x64
		{8E8AB42F-09BC-4B25-AFC2-4A791DE92ED9}.Debug|x64.Build.0 = Debug|x64
		{8E8AB42F-09BC-4B25-AFC2-4A791DE92ED9}.Debug|x86.ActiveCfg = Debug|Win32
		{8E8AB42F-09BC-4B25-AFC2-4A791DE92ED9}.Debug|x86.Build.0 = Debug|Win32
		{8E8AB42F-09BC-4B25-AFC2-4A791DE92ED9}.Release|x64.ActiveCfg = Release|x64
		{8E8AB42F-09BC-4B25-AFC2-4A791DE92ED9}.Release|x64.Build.0 = Release|x64
		{8E8AB42F-09BC-4B25-AFC2-4A791DE92ED9}.Release|x86.ActiveCfg = Release|Win32
		{8E8AB42F-09BC-4B25-AFC2-4A791DE92ED9}.Release|x86.Build.0 = Release|Win32
		{EBBBDCCF-026F-4669-8610-CD14A389D4C2}.Debug|x64.ActiveCfg = Debug|x64
		{EBBBDCCF-026F-4669-8610-CD14A389D4C2}.Debug|x64.Build.0 = Debug|x64
		{EBBBDCCF-026F-4669-8610-CD14A389D4C2}.Debug|x86.ActiveCfg = Debug|Win32
		{EBBBDCCF-026F-4669-8610-CD14A389D4C2}.Debug|x86.Build.0 = Debug|Win32
		{EBBBDCCF-026F-4669-8610-CD14A389D4C2}.Release|x64.ActiveCfg = Release|x64
		{EBBBDCCF-026F-4669-8610-CD14A389D4C2}.Release|x64.Build.0 = Release|x64
		{EBBBDCCF-026F-4669-8610-CD14A389D4C2}.Release|x86.ActiveCfg = Release|Win32
		{EBBBDCCF-026F-4669-8610-CD14A389D4C2}.Release|x86.Build.0 = Release|Win32
		{55E6ACC0-DB13-4E1F-A17C-1565D57C099B}.Debug|x64.ActiveCfg = Debug|x64
		{55E6ACC0-DB13-4E1F-A17C-1565D57C099B}.Debug|x64.Build.0 = Debug|x64
		{55E6ACC0-DB13-4E1F-A17C-1565D57C099B}.Debug|x86.ActiveCfg = Debug|Win32
		{55E6ACC0-DB13-4E1F-A17C-1565D57C099B}.Debug|x86.Build.0 = Debug|Win32
		{55E6ACC0-DB13-4E1F-A17C-1565D57C099B}.Release|x64.ActiveCfg = Release|x64
		{55E6ACC0-DB13-4E1F-A17C-1565D57C099B}.Release|x64.Build.0 = Release|x64
		{55E6ACC0-DB13-4E1F-A17C-1565D57C099B}.Release|x86.ActiveCfg = Release|Win32
		{55E6ACC0-DB13-4E1F-A17C-1565D57C099B}.Release|x86.Build.0 = Release|Win32
		{740D27AD-0CCA-4EDE-AB34-78F5D7D6CDEA}.Debug|x64.ActiveCfg = Debug|x64
		{740D27AD-0CCA-4EDE-AB34-78F5D7D6CDEA}.Debug|x64.Build.0 = Debug|x64
		{740D27AD-0CCA-4EDE-AB34-78F5D7D6CDEA}.Debug|x86.ActiveCfg = Debug|Win32
		{740D27AD-0CCA-4EDE-AB34-78F5D7D6CDEA}.Debug|x86.Build.0 = Debug|Win32
		{740D27AD-0CCA-4EDE-AB34-78F5D7D6CDEA}.Release|x64.ActiveCfg = Release|x64
		{740D27AD-0CCA-4EDE-AB34-78F5D7D6CDEA}.Release|x64.Build.0 = Release|x64
		{740D27AD-0CCA-4EDE-AB34-78F5D7D6CDEA}.Release|x86.ActiveCfg = Release|Win32
		{740D27AD-0CCA-4EDE-AB34-78F5D7D6CDEA}.Release|x86.Build.0 = Release|Win32
		{FD0437D3-6834-45E7-B749-F6CEE2DC6062}.Debug|x64.ActiveCfg = Debug|x64
		{FD0437D3-6834-45E7-B749-F6CEE2DC6062}.Debug|x64.Build.0 = Debug|x64
		{FD0437D3-6834-45E7-B749-F6CEE2DC6062}.Debug|x86.ActiveCfg = Debug|Win32
		{FD0437D3-6834-45E7-B749-F6CEE2DC6062}.Debug|x86.Build.0 = Debug|Win32
		{FD0437D3-6834-45E7-B749-F6CEE2DC6062}.Release|x64.ActiveCfg = Release|x64
		{FD0437D3-6834-45E7-B749-F6CEE2DC6062}.Release|x64.Build.0 = Release|x64
		{FD0437D3-6834-45E7-B749-F6CEE2DC6062}.Release|x86.ActiveCfg = Release|Win32
		{FD0437D3-6834-45E7-B749-F6CEE2DC6062}.Release|x86.Build.0 = Release|Win32
		{F70D1B68-C48B-44AA-A858-0024C2CC27BD}.Debug|x64.ActiveCfg = Debug|x64
		{F70D1B68-C48B-44AA-A858-0024C2CC27BD}.Debug|x64.Build.0 = Debug|x64
		{F70D1B68-C48B-44AA-A858-0024C2CC27BD}.Debug|x86.ActiveCfg = Debug|Win32
		{F70D1B68-C48B-44AA-A858-0024C2CC27BD}.Debug|x86.Build.0 = Debug|Win32
		{F70D1B68-C48B-44AA-A858-0024C2CC27BD}.Release|x64.ActiveCfg = Release|x64
		{F70D1B68-C48B-44AA-A858-0024C2CC27BD}.Release|x64.Build.0 = Release|x64
		{F70D1B68-C48B-44AA-A858-0024C2CC27BD}.Release|x86.ActiveCfg = Release|Win32
		{F70D1B68-C48B-44AA-A858-0024C2CC27BD}.Release|x86.Build.0 = Release|Win32
		{EEAC5426-9563-4234-B94D-83D1E4628B39}.Debug|x64.ActiveCfg = Debug|x64
		{EEAC5426-9563-4234-B94D-83D1E4628B39}.Debug|x64.Build.0 = Debug|x64
		{EEAC5426-9563-4234-B94D-83D1E4628B39}.Debug|x86.ActiveCfg = Debug|Win32
		{EEAC5426-9563-4234-B94D-83D1E4628B39}.Debug|x86.Build.0 = Debug|Win32
		{EEAC5426-9563-4234-B94D-83D1E4628B39}.Release|x64.ActiveCfg = Release|x64
		{EEAC5426-9563-4234-B94D-83D1E4628B39}.Release|x64.Build.0 = Release|x64
		{EEAC5426-9563-4234-B94D-83D1E4628B39}.Release|x86.ActiveCfg = Release|Win32
		{EEAC5426-9563-4234-B94D-83D1E4628B39}.Release|x86.Build.0 = Release|Win32
		{F5D14307-A745-448E-83A7-2F16FB44AF0A}.Debug|x64.ActiveCfg = Debug|x64
		{F5D14307-A745-448E-83A7-2F16FB44AF0A}.Debug|x64.Build.0 = Debug|x64
		{F5D14307-A745-448E-83A7-2F16FB44AF0A}.Debug|x86.ActiveCfg = Debug|Win32
		{F5D14307-A745-448E-83A7-2F16FB44AF0A}.Debug|x86.Build.0 = Debug|Win32
		{F5D14307-A745-448E-83A7-2F16FB44AF0A}.Release|x64.ActiveCfg = Release|x64
		{F5D14307-A745-448E-83A7-2F16FB44AF0A}.Release|x64.Build.0 = Release|x64
		{F5D14307-A745-448E-83A7-2F16FB44AF0A}.Release|x86.ActiveCfg = Release|Win32
		{F5D14307-A745-448E-83A7-2F16FB44AF0A}.Release|x86.Build.0 = Release|Win32
		{0CA54502-D29E-48F3-95AA-B835A97C6D1F}.Debug|x64.ActiveCfg = Debug|x64
		{0CA54502-D29E-48F3-95AA-B835A97C6D1F}.Debug|x64.Build.0 = Debug|x64
		{0CA54502-D29E-48F3-95AA-B835A97C6D1F}.Debug|x86.ActiveCfg = Debug|Win32
		{0CA54502-D29E-48F3-95AA-B835A97C6D1F}.Debug|x86.Build.0 = Debug|Win32
		{0CA54502-D29E-48F3-95AA-B835A97C6D1F}.Release|x64.ActiveCfg = Release|x64
		{0CA54502-D29E-48F3-95AA-B835A97C6D1F}.Release|x64.Build.0 = Release|x64
		{0CA54502-D29E-48F3-95AA-B835A97C6D1F}.Release|x86.ActiveCfg = Release|Win32
		{0CA54502-D29E-48F3-95AA-B835A97C6D1F}.Release|x86.Build.0 = Release|Win32
		{BD0A273D-F48F-44C1-9915-2552EAD6763B}.Debug|x64.ActiveCfg = Debug|x64
		{BD0A273D-F48F-44C1-9915-2552EAD6763B}.Debug|x64.Build.0 = Debug|x64
		{BD0A273D-F48F-44C1-9915-2552EAD6763B}.Debug|x86.ActiveCfg = Debug|Win32
		{BD0A273D-F48F-44C1-9915-2552EAD6763B}.Debug|x86.Build.0 = Debug|Win32
		{BD0A273D-F48F-44C1-9915-2552EAD6763B}.Release|x64.ActiveCfg = Release|x64
		{BD0A273D-F48F-44C1-9915-2552EAD6763B}.Release|x64.Build.0 = Release|x64
		{BD0A273D-F48F-44C1-9915-2552EAD6763B}.Release|x86.ActiveCfg = Release|Win32
		{BD0A273D-F48F-44C1-9915-2552EAD6763B}.Release|x86.Build.0 = Release|Win32
	EndGlobalSection
	GlobalSection(SolutionProperties) = preSolution
		HideSolutionNode = FALSE
	EndGlobalSection
	GlobalSection(ExtensibilityGlobals) = postSolution
		SolutionGuid = {E767345C-E335-4E2C-8167-90F0435DA847}
	EndGlobalSection
EndGlobal
